// !$*UTF8*$!
{
	archiveVersion = 1;
	classes = {
	};
	objectVersion = 55;
	objects = {

/* Begin PBXBuildFile section */
		AC11D7E227FD7E0800251CD0 /* CollectionReusableView.swift in Sources */ = {isa = PBXBuildFile; fileRef = AC11D7E027FD7E0800251CD0 /* CollectionReusableView.swift */; };
		AC11D7E327FD7E0800251CD0 /* CollectionReusableView.xib in Resources */ = {isa = PBXBuildFile; fileRef = AC11D7E127FD7E0800251CD0 /* CollectionReusableView.xib */; };
		AC11D7E927FDD95E00251CD0 /* CatalogUserDefaults.swift in Sources */ = {isa = PBXBuildFile; fileRef = AC11D7E827FDD95E00251CD0 /* CatalogUserDefaults.swift */; };
		ACDFFED427F8A3D9004F5703 /* AppDelegate.swift in Sources */ = {isa = PBXBuildFile; fileRef = ACDFFED327F8A3D9004F5703 /* AppDelegate.swift */; };
		ACDFFED627F8A3D9004F5703 /* SceneDelegate.swift in Sources */ = {isa = PBXBuildFile; fileRef = ACDFFED527F8A3D9004F5703 /* SceneDelegate.swift */; };
		ACDFFEDB27F8A3D9004F5703 /* Main.storyboard in Resources */ = {isa = PBXBuildFile; fileRef = ACDFFED927F8A3D9004F5703 /* Main.storyboard */; };
		ACDFFEDD27F8A3DA004F5703 /* Assets.xcassets in Resources */ = {isa = PBXBuildFile; fileRef = ACDFFEDC27F8A3DA004F5703 /* Assets.xcassets */; };
		ACDFFEE027F8A3DA004F5703 /* LaunchScreen.storyboard in Resources */ = {isa = PBXBuildFile; fileRef = ACDFFEDE27F8A3DA004F5703 /* LaunchScreen.storyboard */; };
		ACDFFEE827F8A412004F5703 /* CatalogViewController.swift in Sources */ = {isa = PBXBuildFile; fileRef = ACDFFEE727F8A412004F5703 /* CatalogViewController.swift */; };
		ACDFFEEC27F8A504004F5703 /* ItemCollectionViewCell.swift in Sources */ = {isa = PBXBuildFile; fileRef = ACDFFEEA27F8A503004F5703 /* ItemCollectionViewCell.swift */; };
		ACDFFEED27F8A504004F5703 /* ItemCollectionViewCell.xib in Resources */ = {isa = PBXBuildFile; fileRef = ACDFFEEB27F8A503004F5703 /* ItemCollectionViewCell.xib */; };
		ACDFFEEF27F8A78E004F5703 /* CatalogModel.swift in Sources */ = {isa = PBXBuildFile; fileRef = ACDFFEEE27F8A78E004F5703 /* CatalogModel.swift */; };
		ACDFFEF227F8A7BA004F5703 /* Network Service.swift in Sources */ = {isa = PBXBuildFile; fileRef = ACDFFEF127F8A7BA004F5703 /* Network Service.swift */; };
		ACDFFEF627F8A7E3004F5703 /* Alamofire in Frameworks */ = {isa = PBXBuildFile; productRef = ACDFFEF527F8A7E3004F5703 /* Alamofire */; };
		ACDFFEF927F8AB71004F5703 /* SDWebImage in Frameworks */ = {isa = PBXBuildFile; productRef = ACDFFEF827F8AB71004F5703 /* SDWebImage */; };
		ACDFFEFB27F9A534004F5703 /* Presenter.swift in Sources */ = {isa = PBXBuildFile; fileRef = ACDFFEFA27F9A534004F5703 /* Presenter.swift */; };
		ACDFFEFE27FA277D004F5703 /* Cosmos in Frameworks */ = {isa = PBXBuildFile; productRef = ACDFFEFD27FA277D004F5703 /* Cosmos */; };
		ACDFFF0027FB984B004F5703 /* FiltersTableViewCell.swift in Sources */ = {isa = PBXBuildFile; fileRef = ACDFFEFF27FB984B004F5703 /* FiltersTableViewCell.swift */; };
		ACDFFF0327FC8E61004F5703 /* Sorting options.swift in Sources */ = {isa = PBXBuildFile; fileRef = ACDFFF0227FC8E61004F5703 /* Sorting options.swift */; };
/* End PBXBuildFile section */

/* Begin PBXFileReference section */
		AC11D7E027FD7E0800251CD0 /* CollectionReusableView.swift */ = {isa = PBXFileReference; lastKnownFileType = sourcecode.swift; path = CollectionReusableView.swift; sourceTree = "<group>"; };
		AC11D7E127FD7E0800251CD0 /* CollectionReusableView.xib */ = {isa = PBXFileReference; lastKnownFileType = file.xib; path = CollectionReusableView.xib; sourceTree = "<group>"; };
		AC11D7E827FDD95E00251CD0 /* CatalogUserDefaults.swift */ = {isa = PBXFileReference; lastKnownFileType = sourcecode.swift; path = CatalogUserDefaults.swift; sourceTree = "<group>"; };
		ACDFFED027F8A3D9004F5703 /* HoffProjectV2.app */ = {isa = PBXFileReference; explicitFileType = wrapper.application; includeInIndex = 0; path = HoffProjectV2.app; sourceTree = BUILT_PRODUCTS_DIR; };
		ACDFFED327F8A3D9004F5703 /* AppDelegate.swift */ = {isa = PBXFileReference; lastKnownFileType = sourcecode.swift; path = AppDelegate.swift; sourceTree = "<group>"; };
		ACDFFED527F8A3D9004F5703 /* SceneDelegate.swift */ = {isa = PBXFileReference; lastKnownFileType = sourcecode.swift; path = SceneDelegate.swift; sourceTree = "<group>"; };
		ACDFFEDA27F8A3D9004F5703 /* Base */ = {isa = PBXFileReference; lastKnownFileType = file.storyboard; name = Base; path = Base.lproj/Main.storyboard; sourceTree = "<group>"; };
		ACDFFEDC27F8A3DA004F5703 /* Assets.xcassets */ = {isa = PBXFileReference; lastKnownFileType = folder.assetcatalog; path = Assets.xcassets; sourceTree = "<group>"; };
		ACDFFEDF27F8A3DA004F5703 /* Base */ = {isa = PBXFileReference; lastKnownFileType = file.storyboard; name = Base; path = Base.lproj/LaunchScreen.storyboard; sourceTree = "<group>"; };
		ACDFFEE127F8A3DA004F5703 /* Info.plist */ = {isa = PBXFileReference; lastKnownFileType = text.plist.xml; path = Info.plist; sourceTree = "<group>"; };
		ACDFFEE727F8A412004F5703 /* CatalogViewController.swift */ = {isa = PBXFileReference; lastKnownFileType = sourcecode.swift; path = CatalogViewController.swift; sourceTree = "<group>"; };
		ACDFFEEA27F8A503004F5703 /* ItemCollectionViewCell.swift */ = {isa = PBXFileReference; lastKnownFileType = sourcecode.swift; path = ItemCollectionViewCell.swift; sourceTree = "<group>"; };
		ACDFFEEB27F8A503004F5703 /* ItemCollectionViewCell.xib */ = {isa = PBXFileReference; lastKnownFileType = file.xib; path = ItemCollectionViewCell.xib; sourceTree = "<group>"; };
		ACDFFEEE27F8A78E004F5703 /* CatalogModel.swift */ = {isa = PBXFileReference; lastKnownFileType = sourcecode.swift; path = CatalogModel.swift; sourceTree = "<group>"; };
		ACDFFEF127F8A7BA004F5703 /* Network Service.swift */ = {isa = PBXFileReference; lastKnownFileType = sourcecode.swift; path = "Network Service.swift"; sourceTree = "<group>"; };
		ACDFFEFA27F9A534004F5703 /* Presenter.swift */ = {isa = PBXFileReference; lastKnownFileType = sourcecode.swift; path = Presenter.swift; sourceTree = "<group>"; };
		ACDFFEFF27FB984B004F5703 /* FiltersTableViewCell.swift */ = {isa = PBXFileReference; lastKnownFileType = sourcecode.swift; path = FiltersTableViewCell.swift; sourceTree = "<group>"; };
		ACDFFF0227FC8E61004F5703 /* Sorting options.swift */ = {isa = PBXFileReference; lastKnownFileType = sourcecode.swift; path = "Sorting options.swift"; sourceTree = "<group>"; };
/* End PBXFileReference section */

/* Begin PBXFrameworksBuildPhase section */
		ACDFFECD27F8A3D9004F5703 /* Frameworks */ = {
			isa = PBXFrameworksBuildPhase;
			buildActionMask = 2147483647;
			files = (
				ACDFFEFE27FA277D004F5703 /* Cosmos in Frameworks */,
				ACDFFEF927F8AB71004F5703 /* SDWebImage in Frameworks */,
				ACDFFEF627F8A7E3004F5703 /* Alamofire in Frameworks */,
			);
			runOnlyForDeploymentPostprocessing = 0;
		};
/* End PBXFrameworksBuildPhase section */

/* Begin PBXGroup section */
		AC11D7E527FDB3BB00251CD0 /* Loading view */ = {
			isa = PBXGroup;
			children = (
				AC11D7E027FD7E0800251CD0 /* CollectionReusableView.swift */,
				AC11D7E127FD7E0800251CD0 /* CollectionReusableView.xib */,
			);
			path = "Loading view";
			sourceTree = "<group>";
		};
		AC11D7E627FDB3E900251CD0 /* Supporting files */ = {
			isa = PBXGroup;
			children = (
				ACDFFED327F8A3D9004F5703 /* AppDelegate.swift */,
				ACDFFED527F8A3D9004F5703 /* SceneDelegate.swift */,
				ACDFFEDE27F8A3DA004F5703 /* LaunchScreen.storyboard */,
				ACDFFEDC27F8A3DA004F5703 /* Assets.xcassets */,
			);
			path = "Supporting files";
			sourceTree = "<group>";
		};
		AC11D7E727FDB44700251CD0 /* View */ = {
			isa = PBXGroup;
			children = (
				ACDFFED927F8A3D9004F5703 /* Main.storyboard */,
				ACDFFEE727F8A412004F5703 /* CatalogViewController.swift */,
			);
			path = View;
			sourceTree = "<group>";
		};
		AC11D7EA27FDD96300251CD0 /* UserDefaults */ = {
			isa = PBXGroup;
			children = (
				AC11D7E827FDD95E00251CD0 /* CatalogUserDefaults.swift */,
			);
			path = UserDefaults;
			sourceTree = "<group>";
		};
		ACDFFEC727F8A3D9004F5703 = {
			isa = PBXGroup;
			children = (
				ACDFFED227F8A3D9004F5703 /* HoffProjectV2 */,
				ACDFFED127F8A3D9004F5703 /* Products */,
			);
			sourceTree = "<group>";
		};
		ACDFFED127F8A3D9004F5703 /* Products */ = {
			isa = PBXGroup;
			children = (
				ACDFFED027F8A3D9004F5703 /* HoffProjectV2.app */,
			);
			name = Products;
			sourceTree = "<group>";
		};
		ACDFFED227F8A3D9004F5703 /* HoffProjectV2 */ = {
			isa = PBXGroup;
			children = (
				AC11D7EA27FDD96300251CD0 /* UserDefaults */,
				ACDFFEE927F8A4D9004F5703 /* Catalog cells */,
				ACDFFF0127FB985A004F5703 /* Filters cell */,
				AC11D7E527FDB3BB00251CD0 /* Loading view */,
				AC11D7E727FDB44700251CD0 /* View */,
				ACDFFEF027F8A792004F5703 /* Model */,
				ACDFFEF327F8A7BE004F5703 /* Network */,
				AC11D7E627FDB3E900251CD0 /* Supporting files */,
				ACDFFEE127F8A3DA004F5703 /* Info.plist */,
			);
			path = HoffProjectV2;
			sourceTree = "<group>";
		};
		ACDFFEE927F8A4D9004F5703 /* Catalog cells */ = {
			isa = PBXGroup;
			children = (
				ACDFFEEA27F8A503004F5703 /* ItemCollectionViewCell.swift */,
				ACDFFEEB27F8A503004F5703 /* ItemCollectionViewCell.xib */,
				ACDFFEFA27F9A534004F5703 /* Presenter.swift */,
			);
			path = "Catalog cells";
			sourceTree = "<group>";
		};
		ACDFFEF027F8A792004F5703 /* Model */ = {
			isa = PBXGroup;
			children = (
				ACDFFEEE27F8A78E004F5703 /* CatalogModel.swift */,
				ACDFFF0227FC8E61004F5703 /* Sorting options.swift */,
			);
			path = Model;
			sourceTree = "<group>";
		};
		ACDFFEF327F8A7BE004F5703 /* Network */ = {
			isa = PBXGroup;
			children = (
				ACDFFEF127F8A7BA004F5703 /* Network Service.swift */,
			);
			path = Network;
			sourceTree = "<group>";
		};
		ACDFFF0127FB985A004F5703 /* Filters cell */ = {
			isa = PBXGroup;
			children = (
				ACDFFEFF27FB984B004F5703 /* FiltersTableViewCell.swift */,
			);
			path = "Filters cell";
			sourceTree = "<group>";
		};
/* End PBXGroup section */

/* Begin PBXNativeTarget section */
		ACDFFECF27F8A3D9004F5703 /* HoffProjectV2 */ = {
			isa = PBXNativeTarget;
			buildConfigurationList = ACDFFEE427F8A3DA004F5703 /* Build configuration list for PBXNativeTarget "HoffProjectV2" */;
			buildPhases = (
				ACDFFECC27F8A3D9004F5703 /* Sources */,
				ACDFFECD27F8A3D9004F5703 /* Frameworks */,
				ACDFFECE27F8A3D9004F5703 /* Resources */,
			);
			buildRules = (
			);
			dependencies = (
			);
			name = HoffProjectV2;
			packageProductDependencies = (
				ACDFFEF527F8A7E3004F5703 /* Alamofire */,
				ACDFFEF827F8AB71004F5703 /* SDWebImage */,
				ACDFFEFD27FA277D004F5703 /* Cosmos */,
			);
			productName = HoffProjectV2;
			productReference = ACDFFED027F8A3D9004F5703 /* HoffProjectV2.app */;
			productType = "com.apple.product-type.application";
		};
/* End PBXNativeTarget section */

/* Begin PBXProject section */
		ACDFFEC827F8A3D9004F5703 /* Project object */ = {
			isa = PBXProject;
			attributes = {
				BuildIndependentTargetsInParallel = 1;
				LastSwiftUpdateCheck = 1320;
				LastUpgradeCheck = 1320;
				TargetAttributes = {
					ACDFFECF27F8A3D9004F5703 = {
						CreatedOnToolsVersion = 13.2.1;
					};
				};
			};
			buildConfigurationList = ACDFFECB27F8A3D9004F5703 /* Build configuration list for PBXProject "HoffProjectV2" */;
			compatibilityVersion = "Xcode 13.0";
			developmentRegion = en;
			hasScannedForEncodings = 0;
			knownRegions = (
				en,
				Base,
			);
			mainGroup = ACDFFEC727F8A3D9004F5703;
			packageReferences = (
				ACDFFEF427F8A7E3004F5703 /* XCRemoteSwiftPackageReference "Alamofire" */,
				ACDFFEF727F8AB71004F5703 /* XCRemoteSwiftPackageReference "SDWebImage" */,
				ACDFFEFC27FA277D004F5703 /* XCRemoteSwiftPackageReference "Cosmos" */,
			);
			productRefGroup = ACDFFED127F8A3D9004F5703 /* Products */;
			projectDirPath = "";
			projectRoot = "";
			targets = (
				ACDFFECF27F8A3D9004F5703 /* HoffProjectV2 */,
			);
		};
/* End PBXProject section */

/* Begin PBXResourcesBuildPhase section */
		ACDFFECE27F8A3D9004F5703 /* Resources */ = {
			isa = PBXResourcesBuildPhase;
			buildActionMask = 2147483647;
			files = (
				AC11D7E327FD7E0800251CD0 /* CollectionReusableView.xib in Resources */,
				ACDFFEE027F8A3DA004F5703 /* LaunchScreen.storyboard in Resources */,
				ACDFFEED27F8A504004F5703 /* ItemCollectionViewCell.xib in Resources */,
				ACDFFEDD27F8A3DA004F5703 /* Assets.xcassets in Resources */,
				ACDFFEDB27F8A3D9004F5703 /* Main.storyboard in Resources */,
			);
			runOnlyForDeploymentPostprocessing = 0;
		};
/* End PBXResourcesBuildPhase section */

/* Begin PBXSourcesBuildPhase section */
		ACDFFECC27F8A3D9004F5703 /* Sources */ = {
			isa = PBXSourcesBuildPhase;
			buildActionMask = 2147483647;
			files = (
				ACDFFEE827F8A412004F5703 /* CatalogViewController.swift in Sources */,
				ACDFFF0027FB984B004F5703 /* FiltersTableViewCell.swift in Sources */,
				ACDFFEFB27F9A534004F5703 /* Presenter.swift in Sources */,
				AC11D7E927FDD95E00251CD0 /* CatalogUserDefaults.swift in Sources */,
				AC11D7E227FD7E0800251CD0 /* CollectionReusableView.swift in Sources */,
				ACDFFF0327FC8E61004F5703 /* Sorting options.swift in Sources */,
				ACDFFEEC27F8A504004F5703 /* ItemCollectionViewCell.swift in Sources */,
				ACDFFED427F8A3D9004F5703 /* AppDelegate.swift in Sources */,
				ACDFFEF227F8A7BA004F5703 /* Network Service.swift in Sources */,
				ACDFFED627F8A3D9004F5703 /* SceneDelegate.swift in Sources */,
				ACDFFEEF27F8A78E004F5703 /* CatalogModel.swift in Sources */,
			);
			runOnlyForDeploymentPostprocessing = 0;
		};
/* End PBXSourcesBuildPhase section */

/* Begin PBXVariantGroup section */
		ACDFFED927F8A3D9004F5703 /* Main.storyboard */ = {
			isa = PBXVariantGroup;
			children = (
				ACDFFEDA27F8A3D9004F5703 /* Base */,
			);
			name = Main.storyboard;
			sourceTree = "<group>";
		};
		ACDFFEDE27F8A3DA004F5703 /* LaunchScreen.storyboard */ = {
			isa = PBXVariantGroup;
			children = (
				ACDFFEDF27F8A3DA004F5703 /* Base */,
			);
			name = LaunchScreen.storyboard;
			sourceTree = "<group>";
		};
/* End PBXVariantGroup section */

/* Begin XCBuildConfiguration section */
		ACDFFEE227F8A3DA004F5703 /* Debug */ = {
			isa = XCBuildConfiguration;
			buildSettings = {
				ALWAYS_SEARCH_USER_PATHS = NO;
				CLANG_ANALYZER_NONNULL = YES;
				CLANG_ANALYZER_NUMBER_OBJECT_CONVERSION = YES_AGGRESSIVE;
				CLANG_CXX_LANGUAGE_STANDARD = "gnu++17";
				CLANG_CXX_LIBRARY = "libc++";
				CLANG_ENABLE_MODULES = YES;
				CLANG_ENABLE_OBJC_ARC = YES;
				CLANG_ENABLE_OBJC_WEAK = YES;
				CLANG_WARN_BLOCK_CAPTURE_AUTORELEASING = YES;
				CLANG_WARN_BOOL_CONVERSION = YES;
				CLANG_WARN_COMMA = YES;
				CLANG_WARN_CONSTANT_CONVERSION = YES;
				CLANG_WARN_DEPRECATED_OBJC_IMPLEMENTATIONS = YES;
				CLANG_WARN_DIRECT_OBJC_ISA_USAGE = YES_ERROR;
				CLANG_WARN_DOCUMENTATION_COMMENTS = YES;
				CLANG_WARN_EMPTY_BODY = YES;
				CLANG_WARN_ENUM_CONVERSION = YES;
				CLANG_WARN_INFINITE_RECURSION = YES;
				CLANG_WARN_INT_CONVERSION = YES;
				CLANG_WARN_NON_LITERAL_NULL_CONVERSION = YES;
				CLANG_WARN_OBJC_IMPLICIT_RETAIN_SELF = YES;
				CLANG_WARN_OBJC_LITERAL_CONVERSION = YES;
				CLANG_WARN_OBJC_ROOT_CLASS = YES_ERROR;
				CLANG_WARN_QUOTED_INCLUDE_IN_FRAMEWORK_HEADER = YES;
				CLANG_WARN_RANGE_LOOP_ANALYSIS = YES;
				CLANG_WARN_STRICT_PROTOTYPES = YES;
				CLANG_WARN_SUSPICIOUS_MOVE = YES;
				CLANG_WARN_UNGUARDED_AVAILABILITY = YES_AGGRESSIVE;
				CLANG_WARN_UNREACHABLE_CODE = YES;
				CLANG_WARN__DUPLICATE_METHOD_MATCH = YES;
				COPY_PHASE_STRIP = NO;
				DEBUG_INFORMATION_FORMAT = dwarf;
				ENABLE_STRICT_OBJC_MSGSEND = YES;
				ENABLE_TESTABILITY = YES;
				GCC_C_LANGUAGE_STANDARD = gnu11;
				GCC_DYNAMIC_NO_PIC = NO;
				GCC_NO_COMMON_BLOCKS = YES;
				GCC_OPTIMIZATION_LEVEL = 0;
				GCC_PREPROCESSOR_DEFINITIONS = (
					"DEBUG=1",
					"$(inherited)",
				);
				GCC_WARN_64_TO_32_BIT_CONVERSION = YES;
				GCC_WARN_ABOUT_RETURN_TYPE = YES_ERROR;
				GCC_WARN_UNDECLARED_SELECTOR = YES;
				GCC_WARN_UNINITIALIZED_AUTOS = YES_AGGRESSIVE;
				GCC_WARN_UNUSED_FUNCTION = YES;
				GCC_WARN_UNUSED_VARIABLE = YES;
				IPHONEOS_DEPLOYMENT_TARGET = 15.2;
				MTL_ENABLE_DEBUG_INFO = INCLUDE_SOURCE;
				MTL_FAST_MATH = YES;
				ONLY_ACTIVE_ARCH = YES;
				SDKROOT = iphoneos;
				SWIFT_ACTIVE_COMPILATION_CONDITIONS = DEBUG;
				SWIFT_OPTIMIZATION_LEVEL = "-Onone";
			};
			name = Debug;
		};
		ACDFFEE327F8A3DA004F5703 /* Release */ = {
			isa = XCBuildConfiguration;
			buildSettings = {
				ALWAYS_SEARCH_USER_PATHS = NO;
				CLANG_ANALYZER_NONNULL = YES;
				CLANG_ANALYZER_NUMBER_OBJECT_CONVERSION = YES_AGGRESSIVE;
				CLANG_CXX_LANGUAGE_STANDARD = "gnu++17";
				CLANG_CXX_LIBRARY = "libc++";
				CLANG_ENABLE_MODULES = YES;
				CLANG_ENABLE_OBJC_ARC = YES;
				CLANG_ENABLE_OBJC_WEAK = YES;
				CLANG_WARN_BLOCK_CAPTURE_AUTORELEASING = YES;
				CLANG_WARN_BOOL_CONVERSION = YES;
				CLANG_WARN_COMMA = YES;
				CLANG_WARN_CONSTANT_CONVERSION = YES;
				CLANG_WARN_DEPRECATED_OBJC_IMPLEMENTATIONS = YES;
				CLANG_WARN_DIRECT_OBJC_ISA_USAGE = YES_ERROR;
				CLANG_WARN_DOCUMENTATION_COMMENTS = YES;
				CLANG_WARN_EMPTY_BODY = YES;
				CLANG_WARN_ENUM_CONVERSION = YES;
				CLANG_WARN_INFINITE_RECURSION = YES;
				CLANG_WARN_INT_CONVERSION = YES;
				CLANG_WARN_NON_LITERAL_NULL_CONVERSION = YES;
				CLANG_WARN_OBJC_IMPLICIT_RETAIN_SELF = YES;
				CLANG_WARN_OBJC_LITERAL_CONVERSION = YES;
				CLANG_WARN_OBJC_ROOT_CLASS = YES_ERROR;
				CLANG_WARN_QUOTED_INCLUDE_IN_FRAMEWORK_HEADER = YES;
				CLANG_WARN_RANGE_LOOP_ANALYSIS = YES;
				CLANG_WARN_STRICT_PROTOTYPES = YES;
				CLANG_WARN_SUSPICIOUS_MOVE = YES;
				CLANG_WARN_UNGUARDED_AVAILABILITY = YES_AGGRESSIVE;
				CLANG_WARN_UNREACHABLE_CODE = YES;
				CLANG_WARN__DUPLICATE_METHOD_MATCH = YES;
				COPY_PHASE_STRIP = NO;
				DEBUG_INFORMATION_FORMAT = "dwarf-with-dsym";
				ENABLE_NS_ASSERTIONS = NO;
				ENABLE_STRICT_OBJC_MSGSEND = YES;
				GCC_C_LANGUAGE_STANDARD = gnu11;
				GCC_NO_COMMON_BLOCKS = YES;
				GCC_WARN_64_TO_32_BIT_CONVERSION = YES;
				GCC_WARN_ABOUT_RETURN_TYPE = YES_ERROR;
				GCC_WARN_UNDECLARED_SELECTOR = YES;
				GCC_WARN_UNINITIALIZED_AUTOS = YES_AGGRESSIVE;
				GCC_WARN_UNUSED_FUNCTION = YES;
				GCC_WARN_UNUSED_VARIABLE = YES;
				IPHONEOS_DEPLOYMENT_TARGET = 15.2;
				MTL_ENABLE_DEBUG_INFO = NO;
				MTL_FAST_MATH = YES;
				SDKROOT = iphoneos;
				SWIFT_COMPILATION_MODE = wholemodule;
				SWIFT_OPTIMIZATION_LEVEL = "-O";
				VALIDATE_PRODUCT = YES;
			};
			name = Release;
		};
		ACDFFEE527F8A3DA004F5703 /* Debug */ = {
			isa = XCBuildConfiguration;
			buildSettings = {
				ASSETCATALOG_COMPILER_APPICON_NAME = AppIcon;
				ASSETCATALOG_COMPILER_GLOBAL_ACCENT_COLOR_NAME = AccentColor;
				CODE_SIGN_STYLE = Automatic;
				CURRENT_PROJECT_VERSION = 1;
				DEVELOPMENT_TEAM = 3RHD2X6JR9;
				GENERATE_INFOPLIST_FILE = YES;
				INFOPLIST_FILE = HoffProjectV2/Info.plist;
				INFOPLIST_KEY_UIApplicationSupportsIndirectInputEvents = YES;
				INFOPLIST_KEY_UILaunchStoryboardName = LaunchScreen;
				INFOPLIST_KEY_UIMainStoryboardFile = Main;
				INFOPLIST_KEY_UISupportedInterfaceOrientations_iPad = "UIInterfaceOrientationPortrait UIInterfaceOrientationPortraitUpsideDown UIInterfaceOrientationLandscapeLeft UIInterfaceOrientationLandscapeRight";
				INFOPLIST_KEY_UISupportedInterfaceOrientations_iPhone = "UIInterfaceOrientationPortrait UIInterfaceOrientationLandscapeLeft UIInterfaceOrientationLandscapeRight";
				LD_RUNPATH_SEARCH_PATHS = (
					"$(inherited)",
					"@executable_path/Frameworks",
				);
				MARKETING_VERSION = 1.0;
				PRODUCT_BUNDLE_IDENTIFIER = com.naidaMamaeva.HoffProjectV2;
				PRODUCT_NAME = "$(TARGET_NAME)";
				SWIFT_EMIT_LOC_STRINGS = YES;
				SWIFT_VERSION = 5.0;
				TARGETED_DEVICE_FAMILY = "1,2";
			};
			name = Debug;
		};
		ACDFFEE627F8A3DA004F5703 /* Release */ = {
			isa = XCBuildConfiguration;
			buildSettings = {
				ASSETCATALOG_COMPILER_APPICON_NAME = AppIcon;
				ASSETCATALOG_COMPILER_GLOBAL_ACCENT_COLOR_NAME = AccentColor;
				CODE_SIGN_STYLE = Automatic;
				CURRENT_PROJECT_VERSION = 1;
				DEVELOPMENT_TEAM = 3RHD2X6JR9;
				GENERATE_INFOPLIST_FILE = YES;
				INFOPLIST_FILE = HoffProjectV2/Info.plist;
				INFOPLIST_KEY_UIApplicationSupportsIndirectInputEvents = YES;
				INFOPLIST_KEY_UILaunchStoryboardName = LaunchScreen;
				INFOPLIST_KEY_UIMainStoryboardFile = Main;
				INFOPLIST_KEY_UISupportedInterfaceOrientations_iPad = "UIInterfaceOrientationPortrait UIInterfaceOrientationPortraitUpsideDown UIInterfaceOrientationLandscapeLeft UIInterfaceOrientationLandscapeRight";
				INFOPLIST_KEY_UISupportedInterfaceOrientations_iPhone = "UIInterfaceOrientationPortrait UIInterfaceOrientationLandscapeLeft UIInterfaceOrientationLandscapeRight";
				LD_RUNPATH_SEARCH_PATHS = (
					"$(inherited)",
					"@executable_path/Frameworks",
				);
				MARKETING_VERSION = 1.0;
				PRODUCT_BUNDLE_IDENTIFIER = com.naidaMamaeva.HoffProjectV2;
				PRODUCT_NAME = "$(TARGET_NAME)";
				SWIFT_EMIT_LOC_STRINGS = YES;
				SWIFT_VERSION = 5.0;
				TARGETED_DEVICE_FAMILY = "1,2";
			};
			name = Release;
		};
/* End XCBuildConfiguration section */

/* Begin XCConfigurationList section */
		ACDFFECB27F8A3D9004F5703 /* Build configuration list for PBXProject "HoffProjectV2" */ = {
			isa = XCConfigurationList;
			buildConfigurations = (
				ACDFFEE227F8A3DA004F5703 /* Debug */,
				ACDFFEE327F8A3DA004F5703 /* Release */,
			);
			defaultConfigurationIsVisible = 0;
			defaultConfigurationName = Release;
		};
		ACDFFEE427F8A3DA004F5703 /* Build configuration list for PBXNativeTarget "HoffProjectV2" */ = {
			isa = XCConfigurationList;
			buildConfigurations = (
				ACDFFEE527F8A3DA004F5703 /* Debug */,
				ACDFFEE627F8A3DA004F5703 /* Release */,
			);
			defaultConfigurationIsVisible = 0;
			defaultConfigurationName = Release;
		};
/* End XCConfigurationList section */

/* Begin XCRemoteSwiftPackageReference section */
		ACDFFEF427F8A7E3004F5703 /* XCRemoteSwiftPackageReference "Alamofire" */ = {
			isa = XCRemoteSwiftPackageReference;
			repositoryURL = "https://github.com/Alamofire/Alamofire.git";
			requirement = {
				kind = upToNextMajorVersion;
				minimumVersion = 5.0.0;
			};
		};
		ACDFFEF727F8AB71004F5703 /* XCRemoteSwiftPackageReference "SDWebImage" */ = {
			isa = XCRemoteSwiftPackageReference;
			repositoryURL = "https://github.com/SDWebImage/SDWebImage.git";
			requirement = {
				kind = upToNextMajorVersion;
				minimumVersion = 5.0.0;
			};
		};
		ACDFFEFC27FA277D004F5703 /* XCRemoteSwiftPackageReference "Cosmos" */ = {
			isa = XCRemoteSwiftPackageReference;
			repositoryURL = "https://github.com/evgenyneu/Cosmos.git";
			requirement = {
				branch = master;
				kind = branch;
			};
		};
/* End XCRemoteSwiftPackageReference section */

/* Begin XCSwiftPackageProductDependency section */
		ACDFFEF527F8A7E3004F5703 /* Alamofire */ = {
			isa = XCSwiftPackageProductDependency;
			package = ACDFFEF427F8A7E3004F5703 /* XCRemoteSwiftPackageReference "Alamofire" */;
			productName = Alamofire;
		};
		ACDFFEF827F8AB71004F5703 /* SDWebImage */ = {
			isa = XCSwiftPackageProductDependency;
			package = ACDFFEF727F8AB71004F5703 /* XCRemoteSwiftPackageReference "SDWebImage" */;
			productName = SDWebImage;
		};
		ACDFFEFD27FA277D004F5703 /* Cosmos */ = {
			isa = XCSwiftPackageProductDependency;
			package = ACDFFEFC27FA277D004F5703 /* XCRemoteSwiftPackageReference "Cosmos" */;
			productName = Cosmos;
		};
/* End XCSwiftPackageProductDependency section */
	};
	rootObject = ACDFFEC827F8A3D9004F5703 /* Project object */;
}
